// !$*UTF8*$!
{
	archiveVersion = 1;
	classes = {
	};
	objectVersion = 50;
	objects = {

/* Begin PBXBuildFile section */
		E624424021E744420094B04F /* AppDelegate.swift in Sources */ = {isa = PBXBuildFile; fileRef = E624423F21E744420094B04F /* AppDelegate.swift */; };
		E624424521E744420094B04F /* Main.storyboard in Resources */ = {isa = PBXBuildFile; fileRef = E624424321E744420094B04F /* Main.storyboard */; };
		E624424721E744460094B04F /* Assets.xcassets in Resources */ = {isa = PBXBuildFile; fileRef = E624424621E744460094B04F /* Assets.xcassets */; };
		E624424A21E744460094B04F /* LaunchScreen.storyboard in Resources */ = {isa = PBXBuildFile; fileRef = E624424821E744460094B04F /* LaunchScreen.storyboard */; };
		E624425521E749930094B04F /* SPCommentsSettingsViewController.swift in Sources */ = {isa = PBXBuildFile; fileRef = E624425421E749930094B04F /* SPCommentsSettingsViewController.swift */; };
		E624425721E749CE0094B04F /* SPCommentsViewController.swift in Sources */ = {isa = PBXBuildFile; fileRef = E624425621E749CE0094B04F /* SPCommentsViewController.swift */; };
		E624425A21E749FE0094B04F /* SPBaseViewController.swift in Sources */ = {isa = PBXBuildFile; fileRef = E624425921E749FE0094B04F /* SPBaseViewController.swift */; };
		E624425C21E74A6C0094B04F /* SPBaseNavigationViewController.swift in Sources */ = {isa = PBXBuildFile; fileRef = E624425B21E74A6C0094B04F /* SPBaseNavigationViewController.swift */; };
		E624426021E74BDB0094B04F /* UIColor+extension.swift in Sources */ = {isa = PBXBuildFile; fileRef = E624425F21E74BDB0094B04F /* UIColor+extension.swift */; };
		E624426321E74F5E0094B04F /* SPColor.swift in Sources */ = {isa = PBXBuildFile; fileRef = E624426221E74F5E0094B04F /* SPColor.swift */; };
		E624426721E770510094B04F /* SPComment.swift in Sources */ = {isa = PBXBuildFile; fileRef = E624426621E770510094B04F /* SPComment.swift */; };
		E624426B21E771AA0094B04F /* SPNetworkService.swift in Sources */ = {isa = PBXBuildFile; fileRef = E624426A21E771AA0094B04F /* SPNetworkService.swift */; };
		E624426D21E776090094B04F /* SPNetworkManager.swift in Sources */ = {isa = PBXBuildFile; fileRef = E624426C21E776090094B04F /* SPNetworkManager.swift */; };
		E624427021E77E360094B04F /* SPLayoutManager.swift in Sources */ = {isa = PBXBuildFile; fileRef = E624426F21E77E360094B04F /* SPLayoutManager.swift */; };
		E624427521E7848F0094B04F /* SPCommentTableViewCell.swift in Sources */ = {isa = PBXBuildFile; fileRef = E624427321E7848F0094B04F /* SPCommentTableViewCell.swift */; };
		E624427621E7848F0094B04F /* SPCommentTableViewCell.xib in Resources */ = {isa = PBXBuildFile; fileRef = E624427421E7848F0094B04F /* SPCommentTableViewCell.xib */; };
		E624427A21E784BD0094B04F /* SPBaseTableViewCell.swift in Sources */ = {isa = PBXBuildFile; fileRef = E624427921E784BD0094B04F /* SPBaseTableViewCell.swift */; };
		E624427C21E790AA0094B04F /* UITableView+extension.swift in Sources */ = {isa = PBXBuildFile; fileRef = E624427B21E790AA0094B04F /* UITableView+extension.swift */; };
		E624428021E7A66E0094B04F /* SPActivityView.swift in Sources */ = {isa = PBXBuildFile; fileRef = E624427E21E7A66D0094B04F /* SPActivityView.swift */; };
		E624428121E7A66E0094B04F /* SPActivityView.xib in Resources */ = {isa = PBXBuildFile; fileRef = E624427F21E7A66D0094B04F /* SPActivityView.xib */; };
		E624428321E7A6CC0094B04F /* UIView+extension.swift in Sources */ = {isa = PBXBuildFile; fileRef = E624428221E7A6CC0094B04F /* UIView+extension.swift */; };
		FFCC984EEC16ED5E4F249932 /* Pods_TestProject.framework in Frameworks */ = {isa = PBXBuildFile; fileRef = 3C614618B34EEAE2B4356AAC /* Pods_TestProject.framework */; };
/* End PBXBuildFile section */

/* Begin PBXFileReference section */
		3C614618B34EEAE2B4356AAC /* Pods_TestProject.framework */ = {isa = PBXFileReference; explicitFileType = wrapper.framework; includeInIndex = 0; path = Pods_TestProject.framework; sourceTree = BUILT_PRODUCTS_DIR; };
		B121059F576360B1C39DDAF8 /* Pods-TestProject.release.xcconfig */ = {isa = PBXFileReference; includeInIndex = 1; lastKnownFileType = text.xcconfig; name = "Pods-TestProject.release.xcconfig"; path = "Pods/Target Support Files/Pods-TestProject/Pods-TestProject.release.xcconfig"; sourceTree = "<group>"; };
		D4C67542B370F8FC40CCB9B0 /* Pods-TestProject.debug.xcconfig */ = {isa = PBXFileReference; includeInIndex = 1; lastKnownFileType = text.xcconfig; name = "Pods-TestProject.debug.xcconfig"; path = "Pods/Target Support Files/Pods-TestProject/Pods-TestProject.debug.xcconfig"; sourceTree = "<group>"; };
		E624423C21E744420094B04F /* TestProject.app */ = {isa = PBXFileReference; explicitFileType = wrapper.application; includeInIndex = 0; path = TestProject.app; sourceTree = BUILT_PRODUCTS_DIR; };
		E624423F21E744420094B04F /* AppDelegate.swift */ = {isa = PBXFileReference; lastKnownFileType = sourcecode.swift; path = AppDelegate.swift; sourceTree = "<group>"; };
		E624424421E744420094B04F /* Base */ = {isa = PBXFileReference; lastKnownFileType = file.storyboard; name = Base; path = Base.lproj/Main.storyboard; sourceTree = "<group>"; };
		E624424621E744460094B04F /* Assets.xcassets */ = {isa = PBXFileReference; lastKnownFileType = folder.assetcatalog; path = Assets.xcassets; sourceTree = "<group>"; };
		E624424921E744460094B04F /* Base */ = {isa = PBXFileReference; lastKnownFileType = file.storyboard; name = Base; path = Base.lproj/LaunchScreen.storyboard; sourceTree = "<group>"; };
		E624424B21E744460094B04F /* Info.plist */ = {isa = PBXFileReference; lastKnownFileType = text.plist.xml; path = Info.plist; sourceTree = "<group>"; };
		E624425421E749930094B04F /* SPCommentsSettingsViewController.swift */ = {isa = PBXFileReference; lastKnownFileType = sourcecode.swift; path = SPCommentsSettingsViewController.swift; sourceTree = "<group>"; };
		E624425621E749CE0094B04F /* SPCommentsViewController.swift */ = {isa = PBXFileReference; lastKnownFileType = sourcecode.swift; path = SPCommentsViewController.swift; sourceTree = "<group>"; };
		E624425921E749FE0094B04F /* SPBaseViewController.swift */ = {isa = PBXFileReference; lastKnownFileType = sourcecode.swift; path = SPBaseViewController.swift; sourceTree = "<group>"; };
		E624425B21E74A6C0094B04F /* SPBaseNavigationViewController.swift */ = {isa = PBXFileReference; lastKnownFileType = sourcecode.swift; path = SPBaseNavigationViewController.swift; sourceTree = "<group>"; };
		E624425F21E74BDB0094B04F /* UIColor+extension.swift */ = {isa = PBXFileReference; lastKnownFileType = sourcecode.swift; path = "UIColor+extension.swift"; sourceTree = "<group>"; };
		E624426221E74F5E0094B04F /* SPColor.swift */ = {isa = PBXFileReference; lastKnownFileType = sourcecode.swift; path = SPColor.swift; sourceTree = "<group>"; };
		E624426621E770510094B04F /* SPComment.swift */ = {isa = PBXFileReference; lastKnownFileType = sourcecode.swift; path = SPComment.swift; sourceTree = "<group>"; };
		E624426A21E771AA0094B04F /* SPNetworkService.swift */ = {isa = PBXFileReference; lastKnownFileType = sourcecode.swift; path = SPNetworkService.swift; sourceTree = "<group>"; };
		E624426C21E776090094B04F /* SPNetworkManager.swift */ = {isa = PBXFileReference; lastKnownFileType = sourcecode.swift; path = SPNetworkManager.swift; sourceTree = "<group>"; };
		E624426F21E77E360094B04F /* SPLayoutManager.swift */ = {isa = PBXFileReference; lastKnownFileType = sourcecode.swift; path = SPLayoutManager.swift; sourceTree = "<group>"; };
		E624427321E7848F0094B04F /* SPCommentTableViewCell.swift */ = {isa = PBXFileReference; lastKnownFileType = sourcecode.swift; path = SPCommentTableViewCell.swift; sourceTree = "<group>"; };
		E624427421E7848F0094B04F /* SPCommentTableViewCell.xib */ = {isa = PBXFileReference; lastKnownFileType = file.xib; path = SPCommentTableViewCell.xib; sourceTree = "<group>"; };
		E624427921E784BD0094B04F /* SPBaseTableViewCell.swift */ = {isa = PBXFileReference; lastKnownFileType = sourcecode.swift; path = SPBaseTableViewCell.swift; sourceTree = "<group>"; };
		E624427B21E790AA0094B04F /* UITableView+extension.swift */ = {isa = PBXFileReference; lastKnownFileType = sourcecode.swift; path = "UITableView+extension.swift"; sourceTree = "<group>"; };
		E624427E21E7A66D0094B04F /* SPActivityView.swift */ = {isa = PBXFileReference; fileEncoding = 4; lastKnownFileType = sourcecode.swift; path = SPActivityView.swift; sourceTree = "<group>"; };
		E624427F21E7A66D0094B04F /* SPActivityView.xib */ = {isa = PBXFileReference; fileEncoding = 4; lastKnownFileType = file.xib; path = SPActivityView.xib; sourceTree = "<group>"; };
		E624428221E7A6CC0094B04F /* UIView+extension.swift */ = {isa = PBXFileReference; lastKnownFileType = sourcecode.swift; path = "UIView+extension.swift"; sourceTree = "<group>"; };
/* End PBXFileReference section */

/* Begin PBXFrameworksBuildPhase section */
		E624423921E744420094B04F /* Frameworks */ = {
			isa = PBXFrameworksBuildPhase;
			buildActionMask = 2147483647;
			files = (
				FFCC984EEC16ED5E4F249932 /* Pods_TestProject.framework in Frameworks */,
			);
			runOnlyForDeploymentPostprocessing = 0;
		};
/* End PBXFrameworksBuildPhase section */

/* Begin PBXGroup section */
		5F003DF300578229B4295F99 /* Pods */ = {
			isa = PBXGroup;
			children = (
				D4C67542B370F8FC40CCB9B0 /* Pods-TestProject.debug.xcconfig */,
				B121059F576360B1C39DDAF8 /* Pods-TestProject.release.xcconfig */,
			);
			name = Pods;
			sourceTree = "<group>";
		};
		AD2B8CFF91419FC1D4BA5701 /* Frameworks */ = {
			isa = PBXGroup;
			children = (
				3C614618B34EEAE2B4356AAC /* Pods_TestProject.framework */,
			);
			name = Frameworks;
			sourceTree = "<group>";
		};
		E624423321E744420094B04F = {
			isa = PBXGroup;
			children = (
				E624423E21E744420094B04F /* TestProject */,
				E624423D21E744420094B04F /* Products */,
				5F003DF300578229B4295F99 /* Pods */,
				AD2B8CFF91419FC1D4BA5701 /* Frameworks */,
			);
			sourceTree = "<group>";
		};
		E624423D21E744420094B04F /* Products */ = {
			isa = PBXGroup;
			children = (
				E624423C21E744420094B04F /* TestProject.app */,
			);
			name = Products;
			sourceTree = "<group>";
		};
		E624423E21E744420094B04F /* TestProject */ = {
			isa = PBXGroup;
			children = (
				E624423F21E744420094B04F /* AppDelegate.swift */,
				E624424621E744460094B04F /* Assets.xcassets */,
				E624424821E744460094B04F /* LaunchScreen.storyboard */,
				E624424B21E744460094B04F /* Info.plist */,
				E624426821E771870094B04F /* Manager */,
				E624427721E784990094B04F /* View */,
				E624426521E7702F0094B04F /* Model */,
				E624425121E747B40094B04F /* Controller */,
				E624425D21E74A7F0094B04F /* Supporting Files */,
			);
			path = TestProject;
			sourceTree = "<group>";
		};
		E624425121E747B40094B04F /* Controller */ = {
			isa = PBXGroup;
			children = (
				E624424321E744420094B04F /* Main.storyboard */,
				E624425821E749EC0094B04F /* Base */,
				E624425221E747BD0094B04F /* Comments Settings */,
				E624425321E7482C0094B04F /* Comments */,
			);
			path = Controller;
			sourceTree = "<group>";
		};
		E624425221E747BD0094B04F /* Comments Settings */ = {
			isa = PBXGroup;
			children = (
				E624425421E749930094B04F /* SPCommentsSettingsViewController.swift */,
			);
			path = "Comments Settings";
			sourceTree = "<group>";
		};
		E624425321E7482C0094B04F /* Comments */ = {
			isa = PBXGroup;
			children = (
				E624427121E77FB20094B04F /* View */,
				E624425621E749CE0094B04F /* SPCommentsViewController.swift */,
			);
			path = Comments;
			sourceTree = "<group>";
		};
		E624425821E749EC0094B04F /* Base */ = {
			isa = PBXGroup;
			children = (
				E624425921E749FE0094B04F /* SPBaseViewController.swift */,
				E624425B21E74A6C0094B04F /* SPBaseNavigationViewController.swift */,
			);
			path = Base;
			sourceTree = "<group>";
		};
		E624425D21E74A7F0094B04F /* Supporting Files */ = {
			isa = PBXGroup;
			children = (
				E624426121E74F2F0094B04F /* Constants */,
				E624425E21E74BBD0094B04F /* Extensions */,
			);
			path = "Supporting Files";
			sourceTree = "<group>";
		};
		E624425E21E74BBD0094B04F /* Extensions */ = {
			isa = PBXGroup;
			children = (
				E624425F21E74BDB0094B04F /* UIColor+extension.swift */,
				E624427B21E790AA0094B04F /* UITableView+extension.swift */,
				E624428221E7A6CC0094B04F /* UIView+extension.swift */,
			);
			path = Extensions;
			sourceTree = "<group>";
		};
		E624426121E74F2F0094B04F /* Constants */ = {
			isa = PBXGroup;
			children = (
				E624426221E74F5E0094B04F /* SPColor.swift */,
			);
			path = Constants;
			sourceTree = "<group>";
		};
		E624426521E7702F0094B04F /* Model */ = {
			isa = PBXGroup;
			children = (
				E624426621E770510094B04F /* SPComment.swift */,
			);
			path = Model;
			sourceTree = "<group>";
		};
		E624426821E771870094B04F /* Manager */ = {
			isa = PBXGroup;
			children = (
				E624426E21E77E180094B04F /* Layout */,
				E624426921E771980094B04F /* Network */,
			);
			path = Manager;
			sourceTree = "<group>";
		};
		E624426921E771980094B04F /* Network */ = {
			isa = PBXGroup;
			children = (
				E624426A21E771AA0094B04F /* SPNetworkService.swift */,
				E624426C21E776090094B04F /* SPNetworkManager.swift */,
			);
			path = Network;
			sourceTree = "<group>";
		};
		E624426E21E77E180094B04F /* Layout */ = {
			isa = PBXGroup;
			children = (
				E624426F21E77E360094B04F /* SPLayoutManager.swift */,
			);
			path = Layout;
			sourceTree = "<group>";
		};
		E624427121E77FB20094B04F /* View */ = {
			isa = PBXGroup;
			children = (
				E624427D21E7A65F0094B04F /* Activity View */,
				E624427221E77FBA0094B04F /* Comment cell */,
			);
			path = View;
			sourceTree = "<group>";
		};
		E624427221E77FBA0094B04F /* Comment cell */ = {
			isa = PBXGroup;
			children = (
				E624427321E7848F0094B04F /* SPCommentTableViewCell.swift */,
				E624427421E7848F0094B04F /* SPCommentTableViewCell.xib */,
			);
			path = "Comment cell";
			sourceTree = "<group>";
		};
		E624427721E784990094B04F /* View */ = {
			isa = PBXGroup;
			children = (
				E624427821E784A50094B04F /* Base */,
			);
			path = View;
			sourceTree = "<group>";
		};
		E624427821E784A50094B04F /* Base */ = {
			isa = PBXGroup;
			children = (
				E624427921E784BD0094B04F /* SPBaseTableViewCell.swift */,
			);
			path = Base;
			sourceTree = "<group>";
		};
		E624427D21E7A65F0094B04F /* Activity View */ = {
			isa = PBXGroup;
			children = (
				E624427E21E7A66D0094B04F /* SPActivityView.swift */,
				E624427F21E7A66D0094B04F /* SPActivityView.xib */,
			);
			path = "Activity View";
			sourceTree = "<group>";
		};
/* End PBXGroup section */

/* Begin PBXNativeTarget section */
		E624423B21E744420094B04F /* TestProject */ = {
			isa = PBXNativeTarget;
			buildConfigurationList = E624424E21E744460094B04F /* Build configuration list for PBXNativeTarget "TestProject" */;
			buildPhases = (
				EE7C1108F0FB8F8725757430 /* [CP] Check Pods Manifest.lock */,
				E624423821E744420094B04F /* Sources */,
				E624423921E744420094B04F /* Frameworks */,
				E624423A21E744420094B04F /* Resources */,
				1667C60E1E9CAA31864AB1FD /* [CP] Embed Pods Frameworks */,
			);
			buildRules = (
			);
			dependencies = (
			);
			name = TestProject;
			productName = TestProject;
			productReference = E624423C21E744420094B04F /* TestProject.app */;
			productType = "com.apple.product-type.application";
		};
/* End PBXNativeTarget section */

/* Begin PBXProject section */
		E624423421E744420094B04F /* Project object */ = {
			isa = PBXProject;
			attributes = {
				LastSwiftUpdateCheck = 1010;
				LastUpgradeCheck = 1010;
				ORGANIZATIONNAME = "Andrew Ivanov";
				TargetAttributes = {
					E624423B21E744420094B04F = {
						CreatedOnToolsVersion = 10.1;
					};
				};
			};
			buildConfigurationList = E624423721E744420094B04F /* Build configuration list for PBXProject "TestProject" */;
			compatibilityVersion = "Xcode 9.3";
			developmentRegion = en;
			hasScannedForEncodings = 0;
			knownRegions = (
				en,
				Base,
			);
			mainGroup = E624423321E744420094B04F;
			productRefGroup = E624423D21E744420094B04F /* Products */;
			projectDirPath = "";
			projectRoot = "";
			targets = (
				E624423B21E744420094B04F /* TestProject */,
			);
		};
/* End PBXProject section */

/* Begin PBXResourcesBuildPhase section */
		E624423A21E744420094B04F /* Resources */ = {
			isa = PBXResourcesBuildPhase;
			buildActionMask = 2147483647;
			files = (
				E624427621E7848F0094B04F /* SPCommentTableViewCell.xib in Resources */,
				E624424A21E744460094B04F /* LaunchScreen.storyboard in Resources */,
				E624428121E7A66E0094B04F /* SPActivityView.xib in Resources */,
				E624424721E744460094B04F /* Assets.xcassets in Resources */,
				E624424521E744420094B04F /* Main.storyboard in Resources */,
			);
			runOnlyForDeploymentPostprocessing = 0;
		};
/* End PBXResourcesBuildPhase section */

/* Begin PBXShellScriptBuildPhase section */
		1667C60E1E9CAA31864AB1FD /* [CP] Embed Pods Frameworks */ = {
			isa = PBXShellScriptBuildPhase;
			buildActionMask = 2147483647;
			files = (
			);
			inputFileListPaths = (
			);
			inputPaths = (
				"${SRCROOT}/Pods/Target Support Files/Pods-TestProject/Pods-TestProject-frameworks.sh",
				"${BUILT_PRODUCTS_DIR}/Alamofire/Alamofire.framework",
				"${BUILT_PRODUCTS_DIR}/IQKeyboardManagerSwift/IQKeyboardManagerSwift.framework",
				"${BUILT_PRODUCTS_DIR}/MBProgressHUD/MBProgressHUD.framework",
				"${BUILT_PRODUCTS_DIR}/Moya/Moya.framework",
				"${BUILT_PRODUCTS_DIR}/Result/Result.framework",
			);
			name = "[CP] Embed Pods Frameworks";
			outputFileListPaths = (
			);
			outputPaths = (
				"${TARGET_BUILD_DIR}/${FRAMEWORKS_FOLDER_PATH}/Alamofire.framework",
				"${TARGET_BUILD_DIR}/${FRAMEWORKS_FOLDER_PATH}/IQKeyboardManagerSwift.framework",
				"${TARGET_BUILD_DIR}/${FRAMEWORKS_FOLDER_PATH}/MBProgressHUD.framework",
				"${TARGET_BUILD_DIR}/${FRAMEWORKS_FOLDER_PATH}/Moya.framework",
				"${TARGET_BUILD_DIR}/${FRAMEWORKS_FOLDER_PATH}/Result.framework",
			);
			runOnlyForDeploymentPostprocessing = 0;
			shellPath = /bin/sh;
			shellScript = "\"${SRCROOT}/Pods/Target Support Files/Pods-TestProject/Pods-TestProject-frameworks.sh\"\n";
			showEnvVarsInLog = 0;
		};
		EE7C1108F0FB8F8725757430 /* [CP] Check Pods Manifest.lock */ = {
			isa = PBXShellScriptBuildPhase;
			buildActionMask = 2147483647;
			files = (
			);
			inputFileListPaths = (
			);
			inputPaths = (
				"${PODS_PODFILE_DIR_PATH}/Podfile.lock",
				"${PODS_ROOT}/Manifest.lock",
			);
			name = "[CP] Check Pods Manifest.lock";
			outputFileListPaths = (
			);
			outputPaths = (
				"$(DERIVED_FILE_DIR)/Pods-TestProject-checkManifestLockResult.txt",
			);
			runOnlyForDeploymentPostprocessing = 0;
			shellPath = /bin/sh;
			shellScript = "diff \"${PODS_PODFILE_DIR_PATH}/Podfile.lock\" \"${PODS_ROOT}/Manifest.lock\" > /dev/null\nif [ $? != 0 ] ; then\n    # print error to STDERR\n    echo \"error: The sandbox is not in sync with the Podfile.lock. Run 'pod install' or update your CocoaPods installation.\" >&2\n    exit 1\nfi\n# This output is used by Xcode 'outputs' to avoid re-running this script phase.\necho \"SUCCESS\" > \"${SCRIPT_OUTPUT_FILE_0}\"\n";
			showEnvVarsInLog = 0;
		};
/* End PBXShellScriptBuildPhase section */

/* Begin PBXSourcesBuildPhase section */
		E624423821E744420094B04F /* Sources */ = {
			isa = PBXSourcesBuildPhase;
			buildActionMask = 2147483647;
			files = (
				E624428021E7A66E0094B04F /* SPActivityView.swift in Sources */,
				E624427521E7848F0094B04F /* SPCommentTableViewCell.swift in Sources */,
				E624428321E7A6CC0094B04F /* UIView+extension.swift in Sources */,
				E624426721E770510094B04F /* SPComment.swift in Sources */,
				E624426321E74F5E0094B04F /* SPColor.swift in Sources */,
				E624426B21E771AA0094B04F /* SPNetworkService.swift in Sources */,
				E624426D21E776090094B04F /* SPNetworkManager.swift in Sources */,
				E624427C21E790AA0094B04F /* UITableView+extension.swift in Sources */,
				E624427021E77E360094B04F /* SPLayoutManager.swift in Sources */,
				E624425521E749930094B04F /* SPCommentsSettingsViewController.swift in Sources */,
				E624425C21E74A6C0094B04F /* SPBaseNavigationViewController.swift in Sources */,
				E624424021E744420094B04F /* AppDelegate.swift in Sources */,
				E624426021E74BDB0094B04F /* UIColor+extension.swift in Sources */,
				E624425A21E749FE0094B04F /* SPBaseViewController.swift in Sources */,
				E624427A21E784BD0094B04F /* SPBaseTableViewCell.swift in Sources */,
				E624425721E749CE0094B04F /* SPCommentsViewController.swift in Sources */,
			);
			runOnlyForDeploymentPostprocessing = 0;
		};
/* End PBXSourcesBuildPhase section */

/* Begin PBXVariantGroup section */
		E624424321E744420094B04F /* Main.storyboard */ = {
			isa = PBXVariantGroup;
			children = (
				E624424421E744420094B04F /* Base */,
			);
			name = Main.storyboard;
			sourceTree = "<group>";
		};
		E624424821E744460094B04F /* LaunchScreen.storyboard */ = {
			isa = PBXVariantGroup;
			children = (
				E624424921E744460094B04F /* Base */,
			);
			name = LaunchScreen.storyboard;
			sourceTree = "<group>";
		};
/* End PBXVariantGroup section */

/* Begin XCBuildConfiguration section */
		E624424C21E744460094B04F /* Debug */ = {
			isa = XCBuildConfiguration;
			buildSettings = {
				ALWAYS_SEARCH_USER_PATHS = NO;
				CLANG_ANALYZER_NONNULL = YES;
				CLANG_ANALYZER_NUMBER_OBJECT_CONVERSION = YES_AGGRESSIVE;
				CLANG_CXX_LANGUAGE_STANDARD = "gnu++14";
				CLANG_CXX_LIBRARY = "libc++";
				CLANG_ENABLE_MODULES = YES;
				CLANG_ENABLE_OBJC_ARC = YES;
				CLANG_ENABLE_OBJC_WEAK = YES;
				CLANG_WARN_BLOCK_CAPTURE_AUTORELEASING = YES;
				CLANG_WARN_BOOL_CONVERSION = YES;
				CLANG_WARN_COMMA = YES;
				CLANG_WARN_CONSTANT_CONVERSION = YES;
				CLANG_WARN_DEPRECATED_OBJC_IMPLEMENTATIONS = YES;
				CLANG_WARN_DIRECT_OBJC_ISA_USAGE = YES_ERROR;
				CLANG_WARN_DOCUMENTATION_COMMENTS = YES;
				CLANG_WARN_EMPTY_BODY = YES;
				CLANG_WARN_ENUM_CONVERSION = YES;
				CLANG_WARN_INFINITE_RECURSION = YES;
				CLANG_WARN_INT_CONVERSION = YES;
				CLANG_WARN_NON_LITERAL_NULL_CONVERSION = YES;
				CLANG_WARN_OBJC_IMPLICIT_RETAIN_SELF = YES;
				CLANG_WARN_OBJC_LITERAL_CONVERSION = YES;
				CLANG_WARN_OBJC_ROOT_CLASS = YES_ERROR;
				CLANG_WARN_RANGE_LOOP_ANALYSIS = YES;
				CLANG_WARN_STRICT_PROTOTYPES = YES;
				CLANG_WARN_SUSPICIOUS_MOVE = YES;
				CLANG_WARN_UNGUARDED_AVAILABILITY = YES_AGGRESSIVE;
				CLANG_WARN_UNREACHABLE_CODE = YES;
				CLANG_WARN__DUPLICATE_METHOD_MATCH = YES;
				CODE_SIGN_IDENTITY = "iPhone Developer";
				COPY_PHASE_STRIP = NO;
				DEBUG_INFORMATION_FORMAT = dwarf;
				ENABLE_STRICT_OBJC_MSGSEND = YES;
				ENABLE_TESTABILITY = YES;
				GCC_C_LANGUAGE_STANDARD = gnu11;
				GCC_DYNAMIC_NO_PIC = NO;
				GCC_NO_COMMON_BLOCKS = YES;
				GCC_OPTIMIZATION_LEVEL = 0;
				GCC_PREPROCESSOR_DEFINITIONS = (
					"DEBUG=1",
					"$(inherited)",
				);
				GCC_WARN_64_TO_32_BIT_CONVERSION = YES;
				GCC_WARN_ABOUT_RETURN_TYPE = YES_ERROR;
				GCC_WARN_UNDECLARED_SELECTOR = YES;
				GCC_WARN_UNINITIALIZED_AUTOS = YES_AGGRESSIVE;
				GCC_WARN_UNUSED_FUNCTION = YES;
				GCC_WARN_UNUSED_VARIABLE = YES;
				IPHONEOS_DEPLOYMENT_TARGET = 12.1;
				MTL_ENABLE_DEBUG_INFO = INCLUDE_SOURCE;
				MTL_FAST_MATH = YES;
				ONLY_ACTIVE_ARCH = YES;
				SDKROOT = iphoneos;
				SWIFT_ACTIVE_COMPILATION_CONDITIONS = DEBUG;
				SWIFT_OPTIMIZATION_LEVEL = "-Onone";
			};
			name = Debug;
		};
		E624424D21E744460094B04F /* Release */ = {
			isa = XCBuildConfiguration;
			buildSettings = {
				ALWAYS_SEARCH_USER_PATHS = NO;
				CLANG_ANALYZER_NONNULL = YES;
				CLANG_ANALYZER_NUMBER_OBJECT_CONVERSION = YES_AGGRESSIVE;
				CLANG_CXX_LANGUAGE_STANDARD = "gnu++14";
				CLANG_CXX_LIBRARY = "libc++";
				CLANG_ENABLE_MODULES = YES;
				CLANG_ENABLE_OBJC_ARC = YES;
				CLANG_ENABLE_OBJC_WEAK = YES;
				CLANG_WARN_BLOCK_CAPTURE_AUTORELEASING = YES;
				CLANG_WARN_BOOL_CONVERSION = YES;
				CLANG_WARN_COMMA = YES;
				CLANG_WARN_CONSTANT_CONVERSION = YES;
				CLANG_WARN_DEPRECATED_OBJC_IMPLEMENTATIONS = YES;
				CLANG_WARN_DIRECT_OBJC_ISA_USAGE = YES_ERROR;
				CLANG_WARN_DOCUMENTATION_COMMENTS = YES;
				CLANG_WARN_EMPTY_BODY = YES;
				CLANG_WARN_ENUM_CONVERSION = YES;
				CLANG_WARN_INFINITE_RECURSION = YES;
				CLANG_WARN_INT_CONVERSION = YES;
				CLANG_WARN_NON_LITERAL_NULL_CONVERSION = YES;
				CLANG_WARN_OBJC_IMPLICIT_RETAIN_SELF = YES;
				CLANG_WARN_OBJC_LITERAL_CONVERSION = YES;
				CLANG_WARN_OBJC_ROOT_CLASS = YES_ERROR;
				CLANG_WARN_RANGE_LOOP_ANALYSIS = YES;
				CLANG_WARN_STRICT_PROTOTYPES = YES;
				CLANG_WARN_SUSPICIOUS_MOVE = YES;
				CLANG_WARN_UNGUARDED_AVAILABILITY = YES_AGGRESSIVE;
				CLANG_WARN_UNREACHABLE_CODE = YES;
				CLANG_WARN__DUPLICATE_METHOD_MATCH = YES;
				CODE_SIGN_IDENTITY = "iPhone Developer";
				COPY_PHASE_STRIP = NO;
				DEBUG_INFORMATION_FORMAT = "dwarf-with-dsym";
				ENABLE_NS_ASSERTIONS = NO;
				ENABLE_STRICT_OBJC_MSGSEND = YES;
				GCC_C_LANGUAGE_STANDARD = gnu11;
				GCC_NO_COMMON_BLOCKS = YES;
				GCC_WARN_64_TO_32_BIT_CONVERSION = YES;
				GCC_WARN_ABOUT_RETURN_TYPE = YES_ERROR;
				GCC_WARN_UNDECLARED_SELECTOR = YES;
				GCC_WARN_UNINITIALIZED_AUTOS = YES_AGGRESSIVE;
				GCC_WARN_UNUSED_FUNCTION = YES;
				GCC_WARN_UNUSED_VARIABLE = YES;
				IPHONEOS_DEPLOYMENT_TARGET = 12.1;
				MTL_ENABLE_DEBUG_INFO = NO;
				MTL_FAST_MATH = YES;
				SDKROOT = iphoneos;
				SWIFT_COMPILATION_MODE = wholemodule;
				SWIFT_OPTIMIZATION_LEVEL = "-O";
				VALIDATE_PRODUCT = YES;
			};
			name = Release;
		};
		E624424F21E744460094B04F /* Debug */ = {
			isa = XCBuildConfiguration;
			baseConfigurationReference = D4C67542B370F8FC40CCB9B0 /* Pods-TestProject.debug.xcconfig */;
			buildSettings = {
				ASSETCATALOG_COMPILER_APPICON_NAME = AppIcon;
				CODE_SIGN_STYLE = Automatic;
				INFOPLIST_FILE = TestProject/Info.plist;
				IPHONEOS_DEPLOYMENT_TARGET = 11.0;
				LD_RUNPATH_SEARCH_PATHS = (
					"$(inherited)",
					"@executable_path/Frameworks",
				);
				PRODUCT_BUNDLE_IDENTIFIER = com.ivanovdeveloper.TestProject;
				PRODUCT_NAME = "$(TARGET_NAME)";
				SWIFT_VERSION = 4.2;
				TARGETED_DEVICE_FAMILY = "1,2";
			};
			name = Debug;
		};
		E624425021E744460094B04F /* Release */ = {
			isa = XCBuildConfiguration;
			baseConfigurationReference = B121059F576360B1C39DDAF8 /* Pods-TestProject.release.xcconfig */;
			buildSettings = {
				ASSETCATALOG_COMPILER_APPICON_NAME = AppIcon;
				CODE_SIGN_STYLE = Automatic;
				INFOPLIST_FILE = TestProject/Info.plist;
				IPHONEOS_DEPLOYMENT_TARGET = 11.0;
				LD_RUNPATH_SEARCH_PATHS = (
					"$(inherited)",
					"@executable_path/Frameworks",
				);
				PRODUCT_BUNDLE_IDENTIFIER = com.ivanovdeveloper.TestProject;
				PRODUCT_NAME = "$(TARGET_NAME)";
				SWIFT_VERSION = 4.2;
				TARGETED_DEVICE_FAMILY = "1,2";
			};
			name = Release;
		};
/* End XCBuildConfiguration section */

/* Begin XCConfigurationList section */
		E624423721E744420094B04F /* Build configuration list for PBXProject "TestProject" */ = {
			isa = XCConfigurationList;
			buildConfigurations = (
				E624424C21E744460094B04F /* Debug */,
				E624424D21E744460094B04F /* Release */,
			);
			defaultConfigurationIsVisible = 0;
			defaultConfigurationName = Release;
		};
		E624424E21E744460094B04F /* Build configuration list for PBXNativeTarget "TestProject" */ = {
			isa = XCConfigurationList;
			buildConfigurations = (
				E624424F21E744460094B04F /* Debug */,
				E624425021E744460094B04F /* Release */,
			);
			defaultConfigurationIsVisible = 0;
			defaultConfigurationName = Release;
		};
/* End XCConfigurationList section */
	};
	rootObject = E624423421E744420094B04F /* Project object */;
}
